
Microsoft Visual Studio Solution File, Format Version 12.00
# Visual Studio Version 16
VisualStudioVersion = 16.0.32428.217
MinimumVisualStudioVersion = 10.0.40219.1
Project("{FAE04EC0-301F-11D3-BF4B-00C04F79EFBC}") = "QLDSV_TC", "QLDSV_TC\QLDSV_TC.csproj", "{2FA279A2-F94C-4685-853F-672F1193A4FD}"
EndProject
Global
	GlobalSection(SolutionConfigurationPlatforms) = preSolution
		Debug|Any CPU = Debug|Any CPU
		Release|Any CPU = Release|Any CPU
	EndGlobalSection
	GlobalSection(ProjectConfigurationPlatforms) = postSolution
		{2FA279A2-F94C-4685-853F-672F1193A4FD}.Debug|Any CPU.ActiveCfg = Debug|Any CPU
		{2FA279A2-F94C-4685-853F-672F1193A4FD}.Debug|Any CPU.Build.0 = Debug|Any CPU
		{2FA279A2-F94C-4685-853F-672F1193A4FD}.Release|Any CPU.ActiveCfg = Release|Any CPU
		{2FA279A2-F94C-4685-853F-672F1193A4FD}.Release|Any CPU.Build.0 = Release|Any CPU
	EndGlobalSection
	GlobalSection(SolutionProperties) = preSolution
		HideSolutionNode = FALSE
	EndGlobalSection
	GlobalSection(ExtensibilityGlobals) = postSolution
		SolutionGuid = {DD380FB3-672D-421E-A462-7A7CA47B4902}
	EndGlobalSection
EndGlobal
